
Microsoft Visual Studio Solution File, Format Version 12.00
Project("{FAE04EC0-301F-11D3-BF4B-00C04F79EFBC}") = "LoginAndRegist", "LoginAndRegist\LoginAndRegist.csproj", "{4C71111B-7E4A-48C7-9497-ADC5048A98D3}"
EndProject
Project("{FAE04EC0-301F-11D3-BF4B-00C04F79EFBC}") = "Common", "Common\Common.csproj", "{20CE45D6-DF50-4715-8489-2E63C695A1E4}"
EndProject
Project("{FAE04EC0-301F-11D3-BF4B-00C04F79EFBC}") = "Table", "Table\Table.csproj", "{AE28E25C-766E-4098-B759-B4E6040A3EB5}"
EndProject
Project("{FAE04EC0-301F-11D3-BF4B-00C04F79EFBC}") = "Service", "Service\Service.csproj", "{78C7393E-42A0-4F73-B67D-CD95A91C3C6C}"
EndProject
Global
	GlobalSection(SolutionConfigurationPlatforms) = preSolution
		Debug|Any CPU = Debug|Any CPU
		Release|Any CPU = Release|Any CPU
	EndGlobalSection
	GlobalSection(ProjectConfigurationPlatforms) = postSolution
		{4C71111B-7E4A-48C7-9497-ADC5048A98D3}.Debug|Any CPU.ActiveCfg = Debug|Any CPU
		{4C71111B-7E4A-48C7-9497-ADC5048A98D3}.Debug|Any CPU.Build.0 = Debug|Any CPU
		{4C71111B-7E4A-48C7-9497-ADC5048A98D3}.Release|Any CPU.ActiveCfg = Release|Any CPU
		{4C71111B-7E4A-48C7-9497-ADC5048A98D3}.Release|Any CPU.Build.0 = Release|Any CPU
		{20CE45D6-DF50-4715-8489-2E63C695A1E4}.Debug|Any CPU.ActiveCfg = Debug|Any CPU
		{20CE45D6-DF50-4715-8489-2E63C695A1E4}.Debug|Any CPU.Build.0 = Debug|Any CPU
		{20CE45D6-DF50-4715-8489-2E63C695A1E4}.Release|Any CPU.ActiveCfg = Release|Any CPU
		{20CE45D6-DF50-4715-8489-2E63C695A1E4}.Release|Any CPU.Build.0 = Release|Any CPU
		{AE28E25C-766E-4098-B759-B4E6040A3EB5}.Debug|Any CPU.ActiveCfg = Debug|Any CPU
		{AE28E25C-766E-4098-B759-B4E6040A3EB5}.Debug|Any CPU.Build.0 = Debug|Any CPU
		{AE28E25C-766E-4098-B759-B4E6040A3EB5}.Release|Any CPU.ActiveCfg = Release|Any CPU
		{AE28E25C-766E-4098-B759-B4E6040A3EB5}.Release|Any CPU.Build.0 = Release|Any CPU
		{78C7393E-42A0-4F73-B67D-CD95A91C3C6C}.Debug|Any CPU.ActiveCfg = Debug|Any CPU
		{78C7393E-42A0-4F73-B67D-CD95A91C3C6C}.Debug|Any CPU.Build.0 = Debug|Any CPU
		{78C7393E-42A0-4F73-B67D-CD95A91C3C6C}.Release|Any CPU.ActiveCfg = Release|Any CPU
		{78C7393E-42A0-4F73-B67D-CD95A91C3C6C}.Release|Any CPU.Build.0 = Release|Any CPU
	EndGlobalSection
EndGlobal
